{
  "version": 4,
  "terraform_version": "0.13.3",
  "serial": 5,
  "lineage": "69c0f6c1-ba91-ee9d-a6e8-75ada642258c",
  "outputs": {},
  "resources": [
    {
      "module": "module.ec2-instance",
      "mode": "managed",
      "type": "aws_instance",
      "name": "this",
      "provider": "module.ec2-instance.provider[\"registry.terraform.io/hashicorp/aws\"]",
      "instances": [
        {
          "index_key": 0,
          "schema_version": 1,
          "attributes": {
            "ami": "ami-07a29e5e945228fa1",
            "arn": "arn:aws:ec2:us-west-2:595072229124:instance/i-03c7886412cb5f642",
            "associate_public_ip_address": true,
            "availability_zone": "us-west-2c",
            "cpu_core_count": 2,
            "cpu_threads_per_core": 1,
            "credit_specification": [
              {
                "cpu_credits": "standard"
              }
            ],
            "disable_api_termination": false,
            "ebs_block_device": [],
            "ebs_optimized": false,
            "ephemeral_block_device": [],
            "get_password_data": false,
            "hibernation": false,
            "host_id": null,
            "iam_instance_profile": "",
            "id": "i-03c7886412cb5f642",
            "instance_initiated_shutdown_behavior": "",
            "instance_state": "running",
            "instance_type": "t2.medium",
            "ipv6_address_count": 0,
            "ipv6_addresses": [],
            "key_name": "ppuppet",
            "metadata_options": [
              {
                "http_endpoint": "enabled",
                "http_put_response_hop_limit": 1,
                "http_tokens": "optional"
              }
            ],
            "monitoring": false,
            "network_interface": [],
            "outpost_arn": "",
            "password_data": "",
            "placement_group": "",
            "primary_network_interface_id": "eni-0e998b823e3002813",
            "private_dns": "ip-172-31-1-228.us-west-2.compute.internal",
            "private_ip": "172.31.1.228",
            "public_dns": "ec2-34-210-139-36.us-west-2.compute.amazonaws.com",
            "public_ip": "34.210.139.36",
            "root_block_device": [
              {
                "delete_on_termination": true,
                "device_name": "/dev/sda1",
                "encrypted": false,
                "iops": 100,
                "kms_key_id": "",
                "volume_id": "vol-021aca75d84924d81",
                "volume_size": 8,
                "volume_type": "gp2"
              }
            ],
            "secondary_private_ips": [],
            "security_groups": [
              "psdb"
            ],
            "source_dest_check": true,
            "subnet_id": "subnet-c9bfb78f",
            "tags": {
              "Application": "k8s",
              "Environment": "dev",
              "Name": "kube",
              "OS": "ubuntu 18.04",
              "Terraform": "true",
              "User": "Wu-Tang-Clan"
            },
            "tenancy": "default",
            "timeouts": null,
            "user_data": "067cd5c9bd220c1ab0f47b75424a40f3170bbcef",
            "user_data_base64": null,
            "volume_tags": {
              "Name": "kube"
            },
            "vpc_security_group_ids": [
              "sg-4147de30"
            ]
          },
          "private": "eyJlMmJmYjczMC1lY2FhLTExZTYtOGY4OC0zNDM2M2JjN2M0YzAiOnsiY3JlYXRlIjo2MDAwMDAwMDAwMDAsImRlbGV0ZSI6MTIwMDAwMDAwMDAwMCwidXBkYXRlIjo2MDAwMDAwMDAwMDB9LCJzY2hlbWFfdmVyc2lvbiI6IjEifQ=="
        }
      ]
    }
  ]
}
